<Solution>
  <Configurations>
    <Platform Name="Any CPU" />
    <Platform Name="x64" />
    <Platform Name="x86" />
  </Configurations>
  <Folder Name="/src/" />
  <Folder Name="/src/01-SafeComposite/">
    <Project Path="src/01-SafeComposite/Composite.SafeComposite.Api.csproj" />
  </Folder>
  <Folder Name="/src/02-TransparentComposite/">
    <Project Path="src/02-TransparentComposite/Composite.TransparentComposite.Api.csproj" />
  </Folder>
  <Folder Name="/tests/">
    <Project Path="tests/Composite.UnitTests.csproj" />
  </Folder>
</Solution>
