<Solution>
  <Configurations>
    <Platform Name="Any CPU" />
    <Platform Name="x64" />
    <Platform Name="x86" />
  </Configurations>
  <Folder Name="/src/">
    <Folder Name="/src/01-ClassicStateObjects/">
      <Project Path="src/01-ClassicStateObjects/State.ClassicStateObjects.Api.csproj" />
    </Folder>
    <Folder Name="/src/02-StateMachineEnumSwitch/">
      <Project Path="src/02-StateMachineEnumSwitch/State.StateMachineEnumSwitch.Api.csproj" />
    </Folder>
  </Folder>
</Solution>
